PODS:
  - camera_avfoundation (0.0.1):
    - Flutter
  - Flutter (1.0.0)
  - gal (1.0.0):
    - Flutter
    - FlutterMacOS
  - geolocator_apple (1.2.0):
    - Flutter
    - FlutterMacOS
  - package_info_plus (0.4.5):
    - Flutter
  - permission_handler_apple (9.3.0):
    - Flutter
  - Protobuf (3.29.6)
  - reactive_ble_mobile (0.0.1):
    - Flutter
    - FlutterMacOS
    - Protobuf (~> 3.5)
    - SwiftProtobuf (~> 1.0)
  - shared_preferences_foundation (0.0.1):
    - Flutter
    - FlutterMacOS
  - SwiftProtobuf (1.38.0)
  - workmanager_apple (0.0.1):
    - Flutter

DEPENDENCIES:
  - camera_avfoundation (from `.symlinks/plugins/camera_avfoundation/ios`)
  - Flutter (from `Flutter`)
  - gal (from `.symlinks/plugins/gal/darwin`)
  - geolocator_apple (from `.symlinks/plugins/geolocator_apple/darwin`)
  - package_info_plus (from `.symlinks/plugins/package_info_plus/ios`)
  - permission_handler_apple (from `.symlinks/plugins/permission_handler_apple/ios`)
  - reactive_ble_mobile (from `.symlinks/plugins/reactive_ble_mobile/darwin`)
  - shared_preferences_foundation (from `.symlinks/plugins/shared_preferences_foundation/darwin`)
  - workmanager_apple (from `.symlinks/plugins/workmanager_apple/ios`)

SPEC REPOS:
  trunk:
    - Protobuf
    - SwiftProtobuf

EXTERNAL SOURCES:
  camera_avfoundation:
    :path: ".symlinks/plugins/camera_avfoundation/ios"
  Flutter:
    :path: Flutter
  gal:
    :path: ".symlinks/plugins/gal/darwin"
  geolocator_apple:
    :path: ".symlinks/plugins/geolocator_apple/darwin"
  package_info_plus:
    :path: ".symlinks/plugins/package_info_plus/ios"
  permission_handler_apple:
    :path: ".symlinks/plugins/permission_handler_apple/ios"
  reactive_ble_mobile:
    :path: ".symlinks/plugins/reactive_ble_mobile/darwin"
  shared_preferences_foundation:
    :path: ".symlinks/plugins/shared_preferences_foundation/darwin"
  workmanager_apple:
    :path: ".symlinks/plugins/workmanager_apple/ios"

SPEC CHECKSUMS:
  camera_avfoundation: 968a9a5323c79a99c166ad9d7866bfd2047b5a9b
  Flutter: cabc95a1d2626b1b06e7179b784ebcf0c0cde467
  gal: baecd024ebfd13c441269ca7404792a7152fde89
  geolocator_apple: ab36aa0e8b7d7a2d7639b3b4e48308394e8cef5e
  package_info_plus: af8e2ca6888548050f16fa2f1938db7b5a5df499
  permission_handler_apple: 4ed2196e43d0651e8ff7ca3483a069d469701f2d
  Protobuf: 8d5596f7468be5400861a6bbfb2dfe9d0d1cde34
  reactive_ble_mobile: ea97709e18fa6f0b0592909725d7ae7e1c595b64
  shared_preferences_foundation: 7036424c3d8ec98dfe75ff1667cb0cd531ec82bb
  SwiftProtobuf: d724b5145bfc609d9a49c1e3e3a3dabb07273ffb
  workmanager_apple: 904529ae31e97fc5be632cf628507652294a0778

PODFILE CHECKSUM: e30f02f9d1c72c47bb6344a0a748c9d268180865

COCOAPODS: 1.16.2
